
Microsoft Visual Studio Solution File, Format Version 12.00
# Visual Studio Version 17
VisualStudioVersion = 17.4.33213.308
MinimumVisualStudioVersion = 10.0.40219.1
Project("{FAE04EC0-301F-11D3-BF4B-00C04F79EFBC}") = "E-Ticket", "E-Ticket\E-Ticket.csproj", "{56A8BD55-2CEC-4302-85A6-F776F602FE24}"
EndProject
Global
	GlobalSection(SolutionConfigurationPlatforms) = preSolution
		Debug|Any CPU = Debug|Any CPU
		Release|Any CPU = Release|Any CPU
	EndGlobalSection
	GlobalSection(ProjectConfigurationPlatforms) = postSolution
		{56A8BD55-2CEC-4302-85A6-F776F602FE24}.Debug|Any CPU.ActiveCfg = Debug|Any CPU
		{56A8BD55-2CEC-4302-85A6-F776F602FE24}.Debug|Any CPU.Build.0 = Debug|Any CPU
		{56A8BD55-2CEC-4302-85A6-F776F602FE24}.Release|Any CPU.ActiveCfg = Release|Any CPU
		{56A8BD55-2CEC-4302-85A6-F776F602FE24}.Release|Any CPU.Build.0 = Release|Any CPU
	EndGlobalSection
	GlobalSection(SolutionProperties) = preSolution
		HideSolutionNode = FALSE
	EndGlobalSection
	GlobalSection(ExtensibilityGlobals) = postSolution
		SolutionGuid = {1A0F332D-B1B0-421D-BA68-C442E26503A5}
	EndGlobalSection
EndGlobal
